
Microsoft Visual Studio Solution File, Format Version 11.00
# Visual Studio 2010
Project("{FAE04EC0-301F-11D3-BF4B-00C04F79EFBC}") = "Festivity", "Festivity\Festivity.csproj", "{DC41B37E-6AA4-4755-AAD0-30C79E7CE69E}"
EndProject
Project("{FAE04EC0-301F-11D3-BF4B-00C04F79EFBC}") = "DataAccess", "DataAccess\DataAccess.csproj", "{9F38035A-AA1B-462D-A60B-4782D46CEFE4}"
EndProject
Project("{FAE04EC0-301F-11D3-BF4B-00C04F79EFBC}") = "BussinessObject", "BussinessObject\BussinessObject.csproj", "{C73C6014-6E9A-4564-A8B1-2733F2438336}"
EndProject
Project("{FAE04EC0-301F-11D3-BF4B-00C04F79EFBC}") = "BussinessLogic", "BussinessLogic\BussinessLogic.csproj", "{B91688BD-D97B-4591-B774-167141C0DC6E}"
EndProject
Global
	GlobalSection(SolutionConfigurationPlatforms) = preSolution
		Debug|Any CPU = Debug|Any CPU
		Release|Any CPU = Release|Any CPU
	EndGlobalSection
	GlobalSection(ProjectConfigurationPlatforms) = postSolution
		{DC41B37E-6AA4-4755-AAD0-30C79E7CE69E}.Debug|Any CPU.ActiveCfg = Debug|Any CPU
		{DC41B37E-6AA4-4755-AAD0-30C79E7CE69E}.Debug|Any CPU.Build.0 = Debug|Any CPU
		{DC41B37E-6AA4-4755-AAD0-30C79E7CE69E}.Release|Any CPU.ActiveCfg = Release|Any CPU
		{DC41B37E-6AA4-4755-AAD0-30C79E7CE69E}.Release|Any CPU.Build.0 = Release|Any CPU
		{9F38035A-AA1B-462D-A60B-4782D46CEFE4}.Debug|Any CPU.ActiveCfg = Debug|Any CPU
		{9F38035A-AA1B-462D-A60B-4782D46CEFE4}.Debug|Any CPU.Build.0 = Debug|Any CPU
		{9F38035A-AA1B-462D-A60B-4782D46CEFE4}.Release|Any CPU.ActiveCfg = Release|Any CPU
		{9F38035A-AA1B-462D-A60B-4782D46CEFE4}.Release|Any CPU.Build.0 = Release|Any CPU
		{C73C6014-6E9A-4564-A8B1-2733F2438336}.Debug|Any CPU.ActiveCfg = Debug|Any CPU
		{C73C6014-6E9A-4564-A8B1-2733F2438336}.Debug|Any CPU.Build.0 = Debug|Any CPU
		{C73C6014-6E9A-4564-A8B1-2733F2438336}.Release|Any CPU.ActiveCfg = Release|Any CPU
		{C73C6014-6E9A-4564-A8B1-2733F2438336}.Release|Any CPU.Build.0 = Release|Any CPU
		{B91688BD-D97B-4591-B774-167141C0DC6E}.Debug|Any CPU.ActiveCfg = Debug|Any CPU
		{B91688BD-D97B-4591-B774-167141C0DC6E}.Debug|Any CPU.Build.0 = Debug|Any CPU
		{B91688BD-D97B-4591-B774-167141C0DC6E}.Release|Any CPU.ActiveCfg = Release|Any CPU
		{B91688BD-D97B-4591-B774-167141C0DC6E}.Release|Any CPU.Build.0 = Release|Any CPU
	EndGlobalSection
	GlobalSection(SolutionProperties) = preSolution
		HideSolutionNode = FALSE
	EndGlobalSection
EndGlobal
